// !$*UTF8*$!
{
	archiveVersion = 1;
	classes = {
	};
	objectVersion = 46;
	objects = {

/* Begin PBXAggregateTarget section */
		"PyTorch4Swift::PyTorch4SwiftPackageTests::ProductTarget" /* PyTorch4SwiftPackageTests */ = {
			isa = PBXAggregateTarget;
			buildConfigurationList = OBJ_32 /* Build configuration list for PBXAggregateTarget "PyTorch4SwiftPackageTests" */;
			buildPhases = (
			);
			dependencies = (
				OBJ_35 /* PBXTargetDependency */,
			);
			name = PyTorch4SwiftPackageTests;
			productName = PyTorch4SwiftPackageTests;
		};
/* End PBXAggregateTarget section */

/* Begin PBXBuildFile section */
		EDDBA57622E1083D008C1AF2 /* imports.swift in Sources */ = {isa = PBXBuildFile; fileRef = EDDBA57522E1083D008C1AF2 /* imports.swift */; };
		EDDBA57822E11709008C1AF2 /* TorchVision4Swift.swift in Sources */ = {isa = PBXBuildFile; fileRef = EDDBA57722E11709008C1AF2 /* TorchVision4Swift.swift */; };
		OBJ_23 /* PyTorch4Swift.swift in Sources */ = {isa = PBXBuildFile; fileRef = OBJ_9 /* PyTorch4Swift.swift */; };
		OBJ_30 /* Package.swift in Sources */ = {isa = PBXBuildFile; fileRef = OBJ_6 /* Package.swift */; };
		OBJ_41 /* PyTorch4SwiftTests.swift in Sources */ = {isa = PBXBuildFile; fileRef = OBJ_12 /* PyTorch4SwiftTests.swift */; };
		OBJ_42 /* XCTestManifests.swift in Sources */ = {isa = PBXBuildFile; fileRef = OBJ_13 /* XCTestManifests.swift */; };
		OBJ_44 /* PyTorch4Swift.framework in Frameworks */ = {isa = PBXBuildFile; fileRef = "PyTorch4Swift::PyTorch4Swift::Product" /* PyTorch4Swift.framework */; };
/* End PBXBuildFile section */

/* Begin PBXContainerItemProxy section */
		EDDBA57322E107F6008C1AF2 /* PBXContainerItemProxy */ = {
			isa = PBXContainerItemProxy;
			containerPortal = OBJ_1 /* Project object */;
			proxyType = 1;
			remoteGlobalIDString = "PyTorch4Swift::PyTorch4Swift";
			remoteInfo = PyTorch4Swift;
		};
		EDDBA57422E107F7008C1AF2 /* PBXContainerItemProxy */ = {
			isa = PBXContainerItemProxy;
			containerPortal = OBJ_1 /* Project object */;
			proxyType = 1;
			remoteGlobalIDString = "PyTorch4Swift::PyTorch4SwiftTests";
			remoteInfo = PyTorch4SwiftTests;
		};
/* End PBXContainerItemProxy section */

/* Begin PBXFileReference section */
		EDDBA57522E1083D008C1AF2 /* imports.swift */ = {isa = PBXFileReference; lastKnownFileType = sourcecode.swift; path = imports.swift; sourceTree = "<group>"; };
		EDDBA57722E11709008C1AF2 /* TorchVision4Swift.swift */ = {isa = PBXFileReference; lastKnownFileType = sourcecode.swift; path = TorchVision4Swift.swift; sourceTree = "<group>"; };
		OBJ_12 /* PyTorch4SwiftTests.swift */ = {isa = PBXFileReference; lastKnownFileType = sourcecode.swift; path = PyTorch4SwiftTests.swift; sourceTree = "<group>"; };
		OBJ_13 /* XCTestManifests.swift */ = {isa = PBXFileReference; lastKnownFileType = sourcecode.swift; path = XCTestManifests.swift; sourceTree = "<group>"; };
		OBJ_17 /* README.md */ = {isa = PBXFileReference; lastKnownFileType = net.daringfireball.markdown; path = README.md; sourceTree = "<group>"; };
		OBJ_6 /* Package.swift */ = {isa = PBXFileReference; explicitFileType = sourcecode.swift; path = Package.swift; sourceTree = "<group>"; };
		OBJ_9 /* PyTorch4Swift.swift */ = {isa = PBXFileReference; lastKnownFileType = sourcecode.swift; path = PyTorch4Swift.swift; sourceTree = "<group>"; };
		"PyTorch4Swift::PyTorch4Swift::Product" /* PyTorch4Swift.framework */ = {isa = PBXFileReference; explicitFileType = wrapper.framework; path = PyTorch4Swift.framework; sourceTree = BUILT_PRODUCTS_DIR; };
		"PyTorch4Swift::PyTorch4SwiftTests::Product" /* PyTorch4SwiftTests.xctest */ = {isa = PBXFileReference; lastKnownFileType = file; path = PyTorch4SwiftTests.xctest; sourceTree = BUILT_PRODUCTS_DIR; };
/* End PBXFileReference section */

/* Begin PBXFrameworksBuildPhase section */
		OBJ_24 /* Frameworks */ = {
			isa = PBXFrameworksBuildPhase;
			buildActionMask = 0;
			files = (
			);
			runOnlyForDeploymentPostprocessing = 0;
		};
		OBJ_43 /* Frameworks */ = {
			isa = PBXFrameworksBuildPhase;
			buildActionMask = 0;
			files = (
				OBJ_44 /* PyTorch4Swift.framework in Frameworks */,
			);
			runOnlyForDeploymentPostprocessing = 0;
		};
/* End PBXFrameworksBuildPhase section */

/* Begin PBXGroup section */
		OBJ_10 /* Tests */ = {
			isa = PBXGroup;
			children = (
				OBJ_11 /* PyTorch4SwiftTests */,
			);
			name = Tests;
			sourceTree = SOURCE_ROOT;
		};
		OBJ_11 /* PyTorch4SwiftTests */ = {
			isa = PBXGroup;
			children = (
				OBJ_12 /* PyTorch4SwiftTests.swift */,
				OBJ_13 /* XCTestManifests.swift */,
			);
			name = PyTorch4SwiftTests;
			path = Tests/PyTorch4SwiftTests;
			sourceTree = SOURCE_ROOT;
		};
		OBJ_14 /* Products */ = {
			isa = PBXGroup;
			children = (
				"PyTorch4Swift::PyTorch4Swift::Product" /* PyTorch4Swift.framework */,
				"PyTorch4Swift::PyTorch4SwiftTests::Product" /* PyTorch4SwiftTests.xctest */,
			);
			name = Products;
			sourceTree = BUILT_PRODUCTS_DIR;
		};
		OBJ_5 /*  */ = {
			isa = PBXGroup;
			children = (
				OBJ_6 /* Package.swift */,
				OBJ_7 /* Sources */,
				OBJ_10 /* Tests */,
				OBJ_14 /* Products */,
				OBJ_17 /* README.md */,
			);
			name = "";
			sourceTree = "<group>";
		};
		OBJ_7 /* Sources */ = {
			isa = PBXGroup;
			children = (
				OBJ_8 /* PyTorch4Swift */,
			);
			name = Sources;
			sourceTree = SOURCE_ROOT;
		};
		OBJ_8 /* PyTorch4Swift */ = {
			isa = PBXGroup;
			children = (
				OBJ_9 /* PyTorch4Swift.swift */,
				EDDBA57522E1083D008C1AF2 /* imports.swift */,
				EDDBA57722E11709008C1AF2 /* TorchVision4Swift.swift */,
			);
			name = PyTorch4Swift;
			path = Sources/PyTorch4Swift;
			sourceTree = SOURCE_ROOT;
		};
/* End PBXGroup section */

/* Begin PBXNativeTarget section */
		"PyTorch4Swift::PyTorch4Swift" /* PyTorch4Swift */ = {
			isa = PBXNativeTarget;
			buildConfigurationList = OBJ_19 /* Build configuration list for PBXNativeTarget "PyTorch4Swift" */;
			buildPhases = (
				OBJ_22 /* Sources */,
				OBJ_24 /* Frameworks */,
			);
			buildRules = (
			);
			dependencies = (
			);
			name = PyTorch4Swift;
			productName = PyTorch4Swift;
			productReference = "PyTorch4Swift::PyTorch4Swift::Product" /* PyTorch4Swift.framework */;
			productType = "com.apple.product-type.framework";
		};
		"PyTorch4Swift::PyTorch4SwiftTests" /* PyTorch4SwiftTests */ = {
			isa = PBXNativeTarget;
			buildConfigurationList = OBJ_37 /* Build configuration list for PBXNativeTarget "PyTorch4SwiftTests" */;
			buildPhases = (
				OBJ_40 /* Sources */,
				OBJ_43 /* Frameworks */,
			);
			buildRules = (
			);
			dependencies = (
				OBJ_45 /* PBXTargetDependency */,
			);
			name = PyTorch4SwiftTests;
			productName = PyTorch4SwiftTests;
			productReference = "PyTorch4Swift::PyTorch4SwiftTests::Product" /* PyTorch4SwiftTests.xctest */;
			productType = "com.apple.product-type.bundle.unit-test";
		};
		"PyTorch4Swift::SwiftPMPackageDescription" /* PyTorch4SwiftPackageDescription */ = {
			isa = PBXNativeTarget;
			buildConfigurationList = OBJ_26 /* Build configuration list for PBXNativeTarget "PyTorch4SwiftPackageDescription" */;
			buildPhases = (
				OBJ_29 /* Sources */,
			);
			buildRules = (
			);
			dependencies = (
			);
			name = PyTorch4SwiftPackageDescription;
			productName = PyTorch4SwiftPackageDescription;
			productType = "com.apple.product-type.framework";
		};
/* End PBXNativeTarget section */

/* Begin PBXProject section */
		OBJ_1 /* Project object */ = {
			isa = PBXProject;
			attributes = {
				LastSwiftMigration = 9999;
				LastUpgradeCheck = 9999;
			};
			buildConfigurationList = OBJ_2 /* Build configuration list for PBXProject "PyTorch4Swift" */;
			compatibilityVersion = "Xcode 3.2";
			developmentRegion = English;
			hasScannedForEncodings = 0;
			knownRegions = (
				English,
				en,
			);
			mainGroup = OBJ_5 /*  */;
			productRefGroup = OBJ_14 /* Products */;
			projectDirPath = "";
			projectRoot = "";
			targets = (
				"PyTorch4Swift::PyTorch4Swift" /* PyTorch4Swift */,
				"PyTorch4Swift::SwiftPMPackageDescription" /* PyTorch4SwiftPackageDescription */,
				"PyTorch4Swift::PyTorch4SwiftPackageTests::ProductTarget" /* PyTorch4SwiftPackageTests */,
				"PyTorch4Swift::PyTorch4SwiftTests" /* PyTorch4SwiftTests */,
			);
		};
/* End PBXProject section */

/* Begin PBXSourcesBuildPhase section */
		OBJ_22 /* Sources */ = {
			isa = PBXSourcesBuildPhase;
			buildActionMask = 0;
			files = (
				EDDBA57622E1083D008C1AF2 /* imports.swift in Sources */,
				EDDBA57822E11709008C1AF2 /* TorchVision4Swift.swift in Sources */,
				OBJ_23 /* PyTorch4Swift.swift in Sources */,
			);
			runOnlyForDeploymentPostprocessing = 0;
		};
		OBJ_29 /* Sources */ = {
			isa = PBXSourcesBuildPhase;
			buildActionMask = 0;
			files = (
				OBJ_30 /* Package.swift in Sources */,
			);
			runOnlyForDeploymentPostprocessing = 0;
		};
		OBJ_40 /* Sources */ = {
			isa = PBXSourcesBuildPhase;
			buildActionMask = 0;
			files = (
				OBJ_41 /* PyTorch4SwiftTests.swift in Sources */,
				OBJ_42 /* XCTestManifests.swift in Sources */,
			);
			runOnlyForDeploymentPostprocessing = 0;
		};
/* End PBXSourcesBuildPhase section */

/* Begin PBXTargetDependency section */
		OBJ_35 /* PBXTargetDependency */ = {
			isa = PBXTargetDependency;
			target = "PyTorch4Swift::PyTorch4SwiftTests" /* PyTorch4SwiftTests */;
			targetProxy = EDDBA57422E107F7008C1AF2 /* PBXContainerItemProxy */;
		};
		OBJ_45 /* PBXTargetDependency */ = {
			isa = PBXTargetDependency;
			target = "PyTorch4Swift::PyTorch4Swift" /* PyTorch4Swift */;
			targetProxy = EDDBA57322E107F6008C1AF2 /* PBXContainerItemProxy */;
		};
/* End PBXTargetDependency section */

/* Begin XCBuildConfiguration section */
		OBJ_20 /* Debug */ = {
			isa = XCBuildConfiguration;
			buildSettings = {
				ENABLE_TESTABILITY = YES;
				FRAMEWORK_SEARCH_PATHS = (
					"$(inherited)",
					"$(PLATFORM_DIR)/Developer/Library/Frameworks",
				);
				HEADER_SEARCH_PATHS = "$(inherited)";
				INFOPLIST_FILE = PyTorch4Swift.xcodeproj/PyTorch4Swift_Info.plist;
				IPHONEOS_DEPLOYMENT_TARGET = 8.0;
				LD_RUNPATH_SEARCH_PATHS = "$(inherited) $(TOOLCHAIN_DIR)/usr/lib/swift/macosx";
				MACOSX_DEPLOYMENT_TARGET = 10.10;
				OTHER_CFLAGS = "$(inherited)";
				OTHER_LDFLAGS = "$(inherited)";
				OTHER_SWIFT_FLAGS = "$(inherited)";
				PRODUCT_BUNDLE_IDENTIFIER = PyTorch4Swift;
				PRODUCT_MODULE_NAME = "$(TARGET_NAME:c99extidentifier)";
				PRODUCT_NAME = "$(TARGET_NAME:c99extidentifier)";
				SKIP_INSTALL = YES;
				SWIFT_ACTIVE_COMPILATION_CONDITIONS = "$(inherited)";
				SWIFT_VERSION = 5.0;
				TARGET_NAME = PyTorch4Swift;
				TVOS_DEPLOYMENT_TARGET = 9.0;
				WATCHOS_DEPLOYMENT_TARGET = 2.0;
			};
			name = Debug;
		};
		OBJ_21 /* Release */ = {
			isa = XCBuildConfiguration;
			buildSettings = {
				ENABLE_TESTABILITY = YES;
				FRAMEWORK_SEARCH_PATHS = (
					"$(inherited)",
					"$(PLATFORM_DIR)/Developer/Library/Frameworks",
				);
				HEADER_SEARCH_PATHS = "$(inherited)";
				INFOPLIST_FILE = PyTorch4Swift.xcodeproj/PyTorch4Swift_Info.plist;
				IPHONEOS_DEPLOYMENT_TARGET = 8.0;
				LD_RUNPATH_SEARCH_PATHS = "$(inherited) $(TOOLCHAIN_DIR)/usr/lib/swift/macosx";
				MACOSX_DEPLOYMENT_TARGET = 10.10;
				OTHER_CFLAGS = "$(inherited)";
				OTHER_LDFLAGS = "$(inherited)";
				OTHER_SWIFT_FLAGS = "$(inherited)";
				PRODUCT_BUNDLE_IDENTIFIER = PyTorch4Swift;
				PRODUCT_MODULE_NAME = "$(TARGET_NAME:c99extidentifier)";
				PRODUCT_NAME = "$(TARGET_NAME:c99extidentifier)";
				SKIP_INSTALL = YES;
				SWIFT_ACTIVE_COMPILATION_CONDITIONS = "$(inherited)";
				SWIFT_VERSION = 5.0;
				TARGET_NAME = PyTorch4Swift;
				TVOS_DEPLOYMENT_TARGET = 9.0;
				WATCHOS_DEPLOYMENT_TARGET = 2.0;
			};
			name = Release;
		};
		OBJ_27 /* Debug */ = {
			isa = XCBuildConfiguration;
			buildSettings = {
				LD = /usr/bin/true;
				OTHER_SWIFT_FLAGS = "-swift-version 5 -I $(TOOLCHAIN_DIR)/usr/lib/swift/pm/4_2 -target x86_64-apple-macosx10.10 -sdk /Applications/Xcode.app/Contents/Developer/Platforms/MacOSX.platform/Developer/SDKs/MacOSX10.14.sdk";
				SWIFT_VERSION = 5.0;
			};
			name = Debug;
		};
		OBJ_28 /* Release */ = {
			isa = XCBuildConfiguration;
			buildSettings = {
				LD = /usr/bin/true;
				OTHER_SWIFT_FLAGS = "-swift-version 5 -I $(TOOLCHAIN_DIR)/usr/lib/swift/pm/4_2 -target x86_64-apple-macosx10.10 -sdk /Applications/Xcode.app/Contents/Developer/Platforms/MacOSX.platform/Developer/SDKs/MacOSX10.14.sdk";
				SWIFT_VERSION = 5.0;
			};
			name = Release;
		};
		OBJ_3 /* Debug */ = {
			isa = XCBuildConfiguration;
			buildSettings = {
				CLANG_ENABLE_OBJC_ARC = YES;
				COMBINE_HIDPI_IMAGES = YES;
				COPY_PHASE_STRIP = NO;
				DEBUG_INFORMATION_FORMAT = dwarf;
				DYLIB_INSTALL_NAME_BASE = "@rpath";
				ENABLE_NS_ASSERTIONS = YES;
				GCC_OPTIMIZATION_LEVEL = 0;
				GCC_PREPROCESSOR_DEFINITIONS = (
					"$(inherited)",
					"SWIFT_PACKAGE=1",
					"DEBUG=1",
				);
				MACOSX_DEPLOYMENT_TARGET = 10.10;
				ONLY_ACTIVE_ARCH = YES;
				OTHER_SWIFT_FLAGS = "-DXcode";
				PRODUCT_NAME = "$(TARGET_NAME)";
				SDKROOT = macosx;
				SUPPORTED_PLATFORMS = "macosx iphoneos iphonesimulator appletvos appletvsimulator watchos watchsimulator";
				SWIFT_ACTIVE_COMPILATION_CONDITIONS = "$(inherited) SWIFT_PACKAGE DEBUG";
				SWIFT_OPTIMIZATION_LEVEL = "-Onone";
				USE_HEADERMAP = NO;
			};
			name = Debug;
		};
		OBJ_33 /* Debug */ = {
			isa = XCBuildConfiguration;
			buildSettings = {
			};
			name = Debug;
		};
		OBJ_34 /* Release */ = {
			isa = XCBuildConfiguration;
			buildSettings = {
			};
			name = Release;
		};
		OBJ_38 /* Debug */ = {
			isa = XCBuildConfiguration;
			buildSettings = {
				CLANG_ENABLE_MODULES = YES;
				EMBEDDED_CONTENT_CONTAINS_SWIFT = YES;
				FRAMEWORK_SEARCH_PATHS = (
					"$(inherited)",
					"$(PLATFORM_DIR)/Developer/Library/Frameworks",
				);
				HEADER_SEARCH_PATHS = "$(inherited)";
				INFOPLIST_FILE = PyTorch4Swift.xcodeproj/PyTorch4SwiftTests_Info.plist;
				IPHONEOS_DEPLOYMENT_TARGET = 8.0;
				LD_RUNPATH_SEARCH_PATHS = "$(inherited) @loader_path/../Frameworks @loader_path/Frameworks";
				MACOSX_DEPLOYMENT_TARGET = 10.10;
				OTHER_CFLAGS = "$(inherited)";
				OTHER_LDFLAGS = "$(inherited)";
				OTHER_SWIFT_FLAGS = "$(inherited)";
				SWIFT_ACTIVE_COMPILATION_CONDITIONS = "$(inherited)";
				SWIFT_VERSION = 5.0;
				TARGET_NAME = PyTorch4SwiftTests;
				TVOS_DEPLOYMENT_TARGET = 9.0;
				WATCHOS_DEPLOYMENT_TARGET = 2.0;
			};
			name = Debug;
		};
		OBJ_39 /* Release */ = {
			isa = XCBuildConfiguration;
			buildSettings = {
				CLANG_ENABLE_MODULES = YES;
				EMBEDDED_CONTENT_CONTAINS_SWIFT = YES;
				FRAMEWORK_SEARCH_PATHS = (
					"$(inherited)",
					"$(PLATFORM_DIR)/Developer/Library/Frameworks",
				);
				HEADER_SEARCH_PATHS = "$(inherited)";
				INFOPLIST_FILE = PyTorch4Swift.xcodeproj/PyTorch4SwiftTests_Info.plist;
				IPHONEOS_DEPLOYMENT_TARGET = 8.0;
				LD_RUNPATH_SEARCH_PATHS = "$(inherited) @loader_path/../Frameworks @loader_path/Frameworks";
				MACOSX_DEPLOYMENT_TARGET = 10.10;
				OTHER_CFLAGS = "$(inherited)";
				OTHER_LDFLAGS = "$(inherited)";
				OTHER_SWIFT_FLAGS = "$(inherited)";
				SWIFT_ACTIVE_COMPILATION_CONDITIONS = "$(inherited)";
				SWIFT_VERSION = 5.0;
				TARGET_NAME = PyTorch4SwiftTests;
				TVOS_DEPLOYMENT_TARGET = 9.0;
				WATCHOS_DEPLOYMENT_TARGET = 2.0;
			};
			name = Release;
		};
		OBJ_4 /* Release */ = {
			isa = XCBuildConfiguration;
			buildSettings = {
				CLANG_ENABLE_OBJC_ARC = YES;
				COMBINE_HIDPI_IMAGES = YES;
				COPY_PHASE_STRIP = YES;
				DEBUG_INFORMATION_FORMAT = "dwarf-with-dsym";
				DYLIB_INSTALL_NAME_BASE = "@rpath";
				GCC_OPTIMIZATION_LEVEL = s;
				GCC_PREPROCESSOR_DEFINITIONS = (
					"$(inherited)",
					"SWIFT_PACKAGE=1",
				);
				MACOSX_DEPLOYMENT_TARGET = 10.10;
				OTHER_SWIFT_FLAGS = "-DXcode";
				PRODUCT_NAME = "$(TARGET_NAME)";
				SDKROOT = macosx;
				SUPPORTED_PLATFORMS = "macosx iphoneos iphonesimulator appletvos appletvsimulator watchos watchsimulator";
				SWIFT_ACTIVE_COMPILATION_CONDITIONS = "$(inherited) SWIFT_PACKAGE";
				SWIFT_OPTIMIZATION_LEVEL = "-Owholemodule";
				USE_HEADERMAP = NO;
			};
			name = Release;
		};
/* End XCBuildConfiguration section */

/* Begin XCConfigurationList section */
		OBJ_19 /* Build configuration list for PBXNativeTarget "PyTorch4Swift" */ = {
			isa = XCConfigurationList;
			buildConfigurations = (
				OBJ_20 /* Debug */,
				OBJ_21 /* Release */,
			);
			defaultConfigurationIsVisible = 0;
			defaultConfigurationName = Release;
		};
		OBJ_2 /* Build configuration list for PBXProject "PyTorch4Swift" */ = {
			isa = XCConfigurationList;
			buildConfigurations = (
				OBJ_3 /* Debug */,
				OBJ_4 /* Release */,
			);
			defaultConfigurationIsVisible = 0;
			defaultConfigurationName = Release;
		};
		OBJ_26 /* Build configuration list for PBXNativeTarget "PyTorch4SwiftPackageDescription" */ = {
			isa = XCConfigurationList;
			buildConfigurations = (
				OBJ_27 /* Debug */,
				OBJ_28 /* Release */,
			);
			defaultConfigurationIsVisible = 0;
			defaultConfigurationName = Release;
		};
		OBJ_32 /* Build configuration list for PBXAggregateTarget "PyTorch4SwiftPackageTests" */ = {
			isa = XCConfigurationList;
			buildConfigurations = (
				OBJ_33 /* Debug */,
				OBJ_34 /* Release */,
			);
			defaultConfigurationIsVisible = 0;
			defaultConfigurationName = Release;
		};
		OBJ_37 /* Build configuration list for PBXNativeTarget "PyTorch4SwiftTests" */ = {
			isa = XCConfigurationList;
			buildConfigurations = (
				OBJ_38 /* Debug */,
				OBJ_39 /* Release */,
			);
			defaultConfigurationIsVisible = 0;
			defaultConfigurationName = Release;
		};
/* End XCConfigurationList section */
	};
	rootObject = OBJ_1 /* Project object */;
}
